
Microsoft Visual Studio Solution File, Format Version 12.00
# Visual Studio Version 17
VisualStudioVersion = 17.9.34714.143
MinimumVisualStudioVersion = 10.0.40219.1
Project("{9A19103F-16F7-4668-BE54-9A1E7A4F7556}") = "Theme5Les1", "Theme5Les1\Theme5Les1.csproj", "{02B595E6-1305-4D9F-8AB1-F45C477A7B5D}"
EndProject
Project("{9A19103F-16F7-4668-BE54-9A1E7A4F7556}") = "Theme5Les2", "Theme5Les2\Theme5Les2.csproj", "{90C2CFB3-9D36-4F1D-BF15-D1D8892AD248}"
EndProject
Project("{9A19103F-16F7-4668-BE54-9A1E7A4F7556}") = "Theme8Les1Ex1", "Theme8Les1\Theme8Les1Ex1.csproj", "{92117071-B196-479D-80F4-CFE7B4D38B8B}"
EndProject
Project("{9A19103F-16F7-4668-BE54-9A1E7A4F7556}") = "Theme8Les1Ex2", "Theme8Les1Ex2\Theme8Les1Ex2.csproj", "{0CE4E43B-A63E-4A19-8083-5AAA95C865C2}"
EndProject
Project("{9A19103F-16F7-4668-BE54-9A1E7A4F7556}") = "Theme8Les2Ex1", "Theme8Les2Ex1\Theme8Les2Ex1.csproj", "{94CC18D4-6C10-4F6A-BE2C-81219BFEFD3C}"
EndProject
Project("{9A19103F-16F7-4668-BE54-9A1E7A4F7556}") = "Theme8Les2Ex2", "Theme8Les2Ex2\Theme8Les2Ex2.csproj", "{96455F96-9B97-4849-9D37-CAEA0DCE46F8}"
EndProject
Project("{9A19103F-16F7-4668-BE54-9A1E7A4F7556}") = "Theme8Les2Ex3", "Theme8Les2Ex3\Theme8Les2Ex3.csproj", "{E58FAA52-A94A-4BCC-A0B9-4FAAEF24FD41}"
EndProject
Project("{FAE04EC0-301F-11D3-BF4B-00C04F79EFBC}") = "Theme9Lesson1", "Theme9Lesson1\Theme9Lesson1.csproj", "{BAAEBCA9-63F3-45EC-AF3D-9E961B01EC7A}"
EndProject
Project("{FAE04EC0-301F-11D3-BF4B-00C04F79EFBC}") = "Theme9Lesson2", "Theme9Lesson2\Theme9Lesson2.csproj", "{4F8579E1-04C0-4C3A-B431-68554BC8A9D3}"
EndProject
Project("{FAE04EC0-301F-11D3-BF4B-00C04F79EFBC}") = "Theme10Lesson1", "Theme10Lesson1\Theme10Lesson1.csproj", "{81108F78-C30A-4B32-A109-45105D1A1BB4}"
EndProject
Project("{FAE04EC0-301F-11D3-BF4B-00C04F79EFBC}") = "Theme10Lesson2", "Theme10Lesson2\Theme10Lesson2.csproj", "{9CC2CF3A-B610-4BC6-B62A-65D5B8C8CEE7}"
EndProject
Global
	GlobalSection(SolutionConfigurationPlatforms) = preSolution
		Debug|Any CPU = Debug|Any CPU
		Release|Any CPU = Release|Any CPU
	EndGlobalSection
	GlobalSection(ProjectConfigurationPlatforms) = postSolution
		{02B595E6-1305-4D9F-8AB1-F45C477A7B5D}.Debug|Any CPU.ActiveCfg = Debug|Any CPU
		{02B595E6-1305-4D9F-8AB1-F45C477A7B5D}.Debug|Any CPU.Build.0 = Debug|Any CPU
		{02B595E6-1305-4D9F-8AB1-F45C477A7B5D}.Release|Any CPU.ActiveCfg = Release|Any CPU
		{02B595E6-1305-4D9F-8AB1-F45C477A7B5D}.Release|Any CPU.Build.0 = Release|Any CPU
		{90C2CFB3-9D36-4F1D-BF15-D1D8892AD248}.Debug|Any CPU.ActiveCfg = Debug|Any CPU
		{90C2CFB3-9D36-4F1D-BF15-D1D8892AD248}.Debug|Any CPU.Build.0 = Debug|Any CPU
		{90C2CFB3-9D36-4F1D-BF15-D1D8892AD248}.Release|Any CPU.ActiveCfg = Release|Any CPU
		{90C2CFB3-9D36-4F1D-BF15-D1D8892AD248}.Release|Any CPU.Build.0 = Release|Any CPU
		{92117071-B196-479D-80F4-CFE7B4D38B8B}.Debug|Any CPU.ActiveCfg = Debug|Any CPU
		{92117071-B196-479D-80F4-CFE7B4D38B8B}.Debug|Any CPU.Build.0 = Debug|Any CPU
		{92117071-B196-479D-80F4-CFE7B4D38B8B}.Release|Any CPU.ActiveCfg = Release|Any CPU
		{92117071-B196-479D-80F4-CFE7B4D38B8B}.Release|Any CPU.Build.0 = Release|Any CPU
		{0CE4E43B-A63E-4A19-8083-5AAA95C865C2}.Debug|Any CPU.ActiveCfg = Debug|Any CPU
		{0CE4E43B-A63E-4A19-8083-5AAA95C865C2}.Debug|Any CPU.Build.0 = Debug|Any CPU
		{0CE4E43B-A63E-4A19-8083-5AAA95C865C2}.Release|Any CPU.ActiveCfg = Release|Any CPU
		{0CE4E43B-A63E-4A19-8083-5AAA95C865C2}.Release|Any CPU.Build.0 = Release|Any CPU
		{94CC18D4-6C10-4F6A-BE2C-81219BFEFD3C}.Debug|Any CPU.ActiveCfg = Debug|Any CPU
		{94CC18D4-6C10-4F6A-BE2C-81219BFEFD3C}.Debug|Any CPU.Build.0 = Debug|Any CPU
		{94CC18D4-6C10-4F6A-BE2C-81219BFEFD3C}.Release|Any CPU.ActiveCfg = Release|Any CPU
		{94CC18D4-6C10-4F6A-BE2C-81219BFEFD3C}.Release|Any CPU.Build.0 = Release|Any CPU
		{96455F96-9B97-4849-9D37-CAEA0DCE46F8}.Debug|Any CPU.ActiveCfg = Debug|Any CPU
		{96455F96-9B97-4849-9D37-CAEA0DCE46F8}.Debug|Any CPU.Build.0 = Debug|Any CPU
		{96455F96-9B97-4849-9D37-CAEA0DCE46F8}.Release|Any CPU.ActiveCfg = Release|Any CPU
		{96455F96-9B97-4849-9D37-CAEA0DCE46F8}.Release|Any CPU.Build.0 = Release|Any CPU
		{E58FAA52-A94A-4BCC-A0B9-4FAAEF24FD41}.Debug|Any CPU.ActiveCfg = Debug|Any CPU
		{E58FAA52-A94A-4BCC-A0B9-4FAAEF24FD41}.Debug|Any CPU.Build.0 = Debug|Any CPU
		{E58FAA52-A94A-4BCC-A0B9-4FAAEF24FD41}.Release|Any CPU.ActiveCfg = Release|Any CPU
		{E58FAA52-A94A-4BCC-A0B9-4FAAEF24FD41}.Release|Any CPU.Build.0 = Release|Any CPU
		{BAAEBCA9-63F3-45EC-AF3D-9E961B01EC7A}.Debug|Any CPU.ActiveCfg = Debug|Any CPU
		{BAAEBCA9-63F3-45EC-AF3D-9E961B01EC7A}.Debug|Any CPU.Build.0 = Debug|Any CPU
		{BAAEBCA9-63F3-45EC-AF3D-9E961B01EC7A}.Release|Any CPU.ActiveCfg = Release|Any CPU
		{BAAEBCA9-63F3-45EC-AF3D-9E961B01EC7A}.Release|Any CPU.Build.0 = Release|Any CPU
		{4F8579E1-04C0-4C3A-B431-68554BC8A9D3}.Debug|Any CPU.ActiveCfg = Debug|Any CPU
		{4F8579E1-04C0-4C3A-B431-68554BC8A9D3}.Debug|Any CPU.Build.0 = Debug|Any CPU
		{4F8579E1-04C0-4C3A-B431-68554BC8A9D3}.Release|Any CPU.ActiveCfg = Release|Any CPU
		{4F8579E1-04C0-4C3A-B431-68554BC8A9D3}.Release|Any CPU.Build.0 = Release|Any CPU
		{81108F78-C30A-4B32-A109-45105D1A1BB4}.Debug|Any CPU.ActiveCfg = Debug|Any CPU
		{81108F78-C30A-4B32-A109-45105D1A1BB4}.Debug|Any CPU.Build.0 = Debug|Any CPU
		{81108F78-C30A-4B32-A109-45105D1A1BB4}.Release|Any CPU.ActiveCfg = Release|Any CPU
		{81108F78-C30A-4B32-A109-45105D1A1BB4}.Release|Any CPU.Build.0 = Release|Any CPU
		{9CC2CF3A-B610-4BC6-B62A-65D5B8C8CEE7}.Debug|Any CPU.ActiveCfg = Debug|Any CPU
		{9CC2CF3A-B610-4BC6-B62A-65D5B8C8CEE7}.Debug|Any CPU.Build.0 = Debug|Any CPU
		{9CC2CF3A-B610-4BC6-B62A-65D5B8C8CEE7}.Release|Any CPU.ActiveCfg = Release|Any CPU
		{9CC2CF3A-B610-4BC6-B62A-65D5B8C8CEE7}.Release|Any CPU.Build.0 = Release|Any CPU
	EndGlobalSection
	GlobalSection(SolutionProperties) = preSolution
		HideSolutionNode = FALSE
	EndGlobalSection
	GlobalSection(ExtensibilityGlobals) = postSolution
		SolutionGuid = {3CEA49AA-AAA8-4AB5-A343-B95BEF7FDCC6}
	EndGlobalSection
EndGlobal
