
Microsoft Visual Studio Solution File, Format Version 12.00
# Visual Studio Version 17
VisualStudioVersion = 17.9.34714.143
MinimumVisualStudioVersion = 10.0.40219.1
Project("{9A19103F-16F7-4668-BE54-9A1E7A4F7556}") = "Theme5Les1", "Theme5Les1\Theme5Les1.csproj", "{59EEF08F-0C5B-42DF-B496-8F7FEF277731}"
EndProject
Project("{9A19103F-16F7-4668-BE54-9A1E7A4F7556}") = "Theme5Les2", "Theme5Les2\Theme5Les2.csproj", "{D87F23F1-B16A-47B4-A3A7-3FC980E2FB57}"
EndProject
Project("{9A19103F-16F7-4668-BE54-9A1E7A4F7556}") = "Theme6Les1", "Theme6Les1\Theme6Les1.csproj", "{25DC6AEA-FF84-454E-9C4D-5578B12D5008}"
EndProject
Project("{9A19103F-16F7-4668-BE54-9A1E7A4F7556}") = "Theme6Les2", "Theme6Les2\Theme6Les2.csproj", "{A73EDA99-D66D-4165-9C9E-DEA99509F1D7}"
EndProject
Project("{9A19103F-16F7-4668-BE54-9A1E7A4F7556}") = "Theme8Les1Ex1", "Theme8Les1\Theme8Les1Ex1.csproj", "{4F314076-DFFC-43B7-A3AC-4E22011B09DF}"
EndProject
Project("{9A19103F-16F7-4668-BE54-9A1E7A4F7556}") = "Theme8Les1Ex2", "Theme8Les1Ex2\Theme8Les1Ex2.csproj", "{1D52B22F-67D8-48C5-922E-5F6C90ECB437}"
EndProject
Project("{9A19103F-16F7-4668-BE54-9A1E7A4F7556}") = "Theme8Les2Ex1", "Theme8Les2Ex1\Theme8Les2Ex1.csproj", "{90A02744-D200-4B6A-9907-B47A9638D52C}"
EndProject
Project("{9A19103F-16F7-4668-BE54-9A1E7A4F7556}") = "Theme8Les2Ex2", "Theme8Les2Ex2\Theme8Les2Ex2.csproj", "{0A3BFAE2-6356-4635-8ED0-1AF1B2F17189}"
EndProject
Project("{9A19103F-16F7-4668-BE54-9A1E7A4F7556}") = "Theme8Les2Ex3", "Theme8Les2Ex3\Theme8Les2Ex3.csproj", "{FDBBD223-F4BF-4768-A1B7-4D4FE3357444}"
EndProject
Project("{9A19103F-16F7-4668-BE54-9A1E7A4F7556}") = "Theme9Lesson1", "Theme9Lesson1\Theme9Lesson1.csproj", "{14E31C4E-63E8-4625-9089-FD3BC32EEA04}"
EndProject
Project("{9A19103F-16F7-4668-BE54-9A1E7A4F7556}") = "Theme9Lesson2", "Theme9Lesson2\Theme9Lesson2.csproj", "{B1A317E4-944A-46A6-BE9A-F7311A8DE10A}"
EndProject
Project("{9A19103F-16F7-4668-BE54-9A1E7A4F7556}") = "Theme10Lesson1", "Theme10Lesson1\Theme10Lesson1.csproj", "{D3404E91-C361-4CC8-92C3-BB49AC5DE220}"
EndProject
Project("{9A19103F-16F7-4668-BE54-9A1E7A4F7556}") = "Theme10Lesson2", "Theme10Lesson2\Theme10Lesson2.csproj", "{18DC8530-1E04-464C-8A7C-23CDD981273F}"
EndProject
Project("{9A19103F-16F7-4668-BE54-9A1E7A4F7556}") = "Theme11.Lesson1", "Theme11.Lesson1\Theme11.Lesson1.csproj", "{E9CE81AF-11F9-44D5-8848-C5B87BD306BC}"
EndProject
Project("{9A19103F-16F7-4668-BE54-9A1E7A4F7556}") = "Theme11Lesson2", "Theme11Lesson2\Theme11Lesson2.csproj", "{B197CBF7-3C83-49B8-A256-4D0C8620146E}"
EndProject
Project("{9A19103F-16F7-4668-BE54-9A1E7A4F7556}") = "Theme11Lesson3", "Theme11Lesson3\Theme11Lesson3.csproj", "{F08FE30E-6FA2-417E-892F-0581E57A9C78}"
EndProject
Project("{9A19103F-16F7-4668-BE54-9A1E7A4F7556}") = "Theme11Lesson4", "Theme11Lesson4\Theme11Lesson4.csproj", "{51DAB651-66BE-45ED-9E0E-555157BB7BB6}"
EndProject
Project("{9A19103F-16F7-4668-BE54-9A1E7A4F7556}") = "Theme12Lesson1", "Theme12Lesson1\Theme12Lesson1.csproj", "{401AD0D5-C3C9-4E59-B63E-44A433AD90C1}"
EndProject
Project("{9A19103F-16F7-4668-BE54-9A1E7A4F7556}") = "Theme12Lesson2", "Theme12Lesson2\Theme12Lesson2.csproj", "{964FD1B3-5A4A-45B0-9EFF-D823B9256D34}"
EndProject
Project("{9A19103F-16F7-4668-BE54-9A1E7A4F7556}") = "Theme13Lesson1", "Theme13Lesson1\Theme13Lesson1.csproj", "{F71C164C-DA48-4E3D-A670-FFFA4832C0AC}"
EndProject
Project("{9A19103F-16F7-4668-BE54-9A1E7A4F7556}") = "Theme13Lesson2", "Theme13Lesson2\Theme13Lesson2.csproj", "{01CCA28F-317C-41BC-95EF-6CD51814AF0D}"
EndProject
Project("{9A19103F-16F7-4668-BE54-9A1E7A4F7556}") = "Theme14Lesson1", "Theme14Lesson1\Theme14Lesson1.csproj", "{475C7058-09F7-4A02-8D48-EB7042E60789}"
EndProject
Project("{9A19103F-16F7-4668-BE54-9A1E7A4F7556}") = "Theme14Lesson2", "Theme14Lesson2\Theme14Lesson2.csproj", "{6B6CC2FF-C2D8-48C5-AEEC-5A0990A48D47}"
EndProject
Project("{9A19103F-16F7-4668-BE54-9A1E7A4F7556}") = "Theme15Lesson1", "Theme15Lesson1\Theme15Lesson1.csproj", "{008AAD90-461D-4C15-8DBB-2D821698D62E}"
EndProject
Project("{9A19103F-16F7-4668-BE54-9A1E7A4F7556}") = "Theme15Lesson2", "Theme15Lesson2\Theme15Lesson2.csproj", "{44942A1D-D720-470C-BD5A-9B2EC08C372F}"
EndProject
Project("{9A19103F-16F7-4668-BE54-9A1E7A4F7556}") = "Theme15Lesson3", "Theme15Lesson3\Theme15Lesson3.csproj", "{8CC7F831-70A1-4EDD-9360-158A17F4551A}"
EndProject
Project("{9A19103F-16F7-4668-BE54-9A1E7A4F7556}") = "Theme15Lesson4", "Theme15Lesson4\Theme15Lesson4.csproj", "{60399BAA-BAC9-4370-A6B9-8D2F46D3FD7F}"
EndProject
Project("{9A19103F-16F7-4668-BE54-9A1E7A4F7556}") = "Theme16Lesson1", "Theme16Lesson1\Theme16Lesson1.csproj", "{2C35D01E-2A61-4C05-9A21-1C1DEEE59C0E}"
EndProject
Project("{9A19103F-16F7-4668-BE54-9A1E7A4F7556}") = "Theme16Lesson2", "Theme16Lesson2\Theme16Lesson2.csproj", "{C68F3275-62CF-4FCA-859E-53266152BBBA}"
EndProject
Project("{9A19103F-16F7-4668-BE54-9A1E7A4F7556}") = "Theme17Lesson1", "Theme17Lesson1\Theme17Lesson1.csproj", "{50C189EC-D976-4768-B78C-DBF0FA80D80F}"
EndProject
Project("{9A19103F-16F7-4668-BE54-9A1E7A4F7556}") = "Theme17Lesson2", "Theme17Lesson2\Theme17Lesson2.csproj", "{19DF7C96-D17D-494A-B929-9CDADA343ED9}"
EndProject
Project("{9A19103F-16F7-4668-BE54-9A1E7A4F7556}") = "Theme18Lesson1", "Theme18Lesson1\Theme18Lesson1.csproj", "{1D58E68E-DB73-488A-8311-93E603C3EE8F}"
EndProject
Project("{9A19103F-16F7-4668-BE54-9A1E7A4F7556}") = "Theme18Lesson2", "Theme18Lesson2\Theme18Lesson2.csproj", "{6E7FE30A-994A-448C-8DBE-501B21EE47FE}"
EndProject
Project("{9A19103F-16F7-4668-BE54-9A1E7A4F7556}") = "Zmeika", "Zmeika\Zmeika.csproj", "{3A2B9855-85EC-4C9E-A4C9-1CBB8D3A8F87}"
EndProject
Project("{9A19103F-16F7-4668-BE54-9A1E7A4F7556}") = "manPACV2", "manPAC\manPACV2.csproj", "{4809ACFD-01C4-4077-9707-87088293C651}"
EndProject
Project("{9A19103F-16F7-4668-BE54-9A1E7A4F7556}") = "Theme20Lesson1", "Theme20Lesson1\Theme20Lesson1.csproj", "{EB13498A-2732-404B-B18F-0B30BAE36306}"
EndProject
Project("{9A19103F-16F7-4668-BE54-9A1E7A4F7556}") = "Theme20Lesson2", "Theme20Lesson2\Theme20Lesson2.csproj", "{0FACEAE7-2D76-4E4B-828A-A0DF0D9618FE}"
EndProject
Project("{9A19103F-16F7-4668-BE54-9A1E7A4F7556}") = "Theme20Lesson12", "Theme20Lesson12\Theme20Lesson12.csproj", "{FF4CA8F5-3FD7-4571-915F-EFE60A31199C}"
EndProject
Project("{9A19103F-16F7-4668-BE54-9A1E7A4F7556}") = "Theme12Lesson22", "Theme12Lesson22\Theme12Lesson22.csproj", "{9B8CB0EA-757B-4CAD-BA55-86D2B5C1E494}"
EndProject
Project("{9A19103F-16F7-4668-BE54-9A1E7A4F7556}") = "ClassWorkFiles", "ClassWorkFiles\ClassWorkFiles.csproj", "{4BDF9414-2F90-4CC4-BBDF-19BCC585A8DB}"
EndProject
Project("{9A19103F-16F7-4668-BE54-9A1E7A4F7556}") = "Theme21Lesson1", "Theme21Lesson1\Theme21Lesson1.csproj", "{91D41945-AEA1-4978-915D-5548EE7F4A25}"
EndProject
Project("{9A19103F-16F7-4668-BE54-9A1E7A4F7556}") = "Theme21Lesson2", "Theme21Lesson2\Theme21Lesson2.csproj", "{3845A566-551F-4772-A304-C486C037CD85}"
EndProject
Project("{9A19103F-16F7-4668-BE54-9A1E7A4F7556}") = "Theme21Lesson3", "Theme21Lesson3\Theme21Lesson3.csproj", "{E19BFF68-F86C-49DD-A6A1-A7078FA256C3}"
EndProject
Project("{9A19103F-16F7-4668-BE54-9A1E7A4F7556}") = "Theme21Lesson4", "Theme21Lesson4\Theme21Lesson4.csproj", "{F694B36A-EBDF-4726-8A7B-0A2EF61CDA25}"
EndProject
Project("{9A19103F-16F7-4668-BE54-9A1E7A4F7556}") = "Theme22Lesson2", "Theme22Lesson2\Theme22Lesson2.csproj", "{F11331A8-18C5-4A51-B7E5-15FB26FE0459}"
EndProject
Project("{9A19103F-16F7-4668-BE54-9A1E7A4F7556}") = "Theme24Lesson1", "Theme24Lesson1\Theme24Lesson1.csproj", "{6F8FCF35-D353-4072-84E5-640983A49776}"
EndProject
Project("{9A19103F-16F7-4668-BE54-9A1E7A4F7556}") = "Theme24Lesson2", "Theme24Lesson2\Theme24Lesson2.csproj", "{2EC73367-C64D-496C-84B0-821001EF429D}"
EndProject
Project("{9A19103F-16F7-4668-BE54-9A1E7A4F7556}") = "Theme26Lesson1", "Theme26Lesson1\Theme26Lesson1.csproj", "{55D4B045-BEC8-4431-986E-EE7D59F2A8B0}"
EndProject
Project("{9A19103F-16F7-4668-BE54-9A1E7A4F7556}") = "Theme26Lesson2", "Theme26Lesson2\Theme26Lesson2.csproj", "{C3205FDE-71BD-44D2-B91A-84DF98F70D6B}"
EndProject
Project("{9A19103F-16F7-4668-BE54-9A1E7A4F7556}") = "Theme27Lesson1", "Theme27Lesson1\Theme27Lesson1.csproj", "{391F20FA-7EBF-4E9D-9FE0-E6CAB7ABCB3E}"
EndProject
Project("{9A19103F-16F7-4668-BE54-9A1E7A4F7556}") = "Theme27Lesson2", "Theme27Lesson2\Theme27Lesson2.csproj", "{8E1F5047-2B03-49F7-9455-80EC5C4EE6F3}"
EndProject
Project("{9A19103F-16F7-4668-BE54-9A1E7A4F7556}") = "Theme27Lesson3", "Theme27Lesson3\Theme27Lesson3.csproj", "{93C08916-FE8B-4549-9B7B-F8281B83D121}"
EndProject
Project("{9A19103F-16F7-4668-BE54-9A1E7A4F7556}") = "Theme27Lesson4", "Theme27Lesson4\Theme27Lesson4.csproj", "{77745DD9-67B8-4686-9BA5-3006A1F48034}"
EndProject
Project("{FAE04EC0-301F-11D3-BF4B-00C04F79EFBC}") = "Theme20Lesson3", "Theme20Lesson3\Theme20Lesson3.csproj", "{F71FCD20-F290-4173-991D-A39121249054}"
EndProject
Global
	GlobalSection(SolutionConfigurationPlatforms) = preSolution
		Debug|Any CPU = Debug|Any CPU
		Release|Any CPU = Release|Any CPU
	EndGlobalSection
	GlobalSection(ProjectConfigurationPlatforms) = postSolution
		{59EEF08F-0C5B-42DF-B496-8F7FEF277731}.Debug|Any CPU.ActiveCfg = Debug|Any CPU
		{59EEF08F-0C5B-42DF-B496-8F7FEF277731}.Debug|Any CPU.Build.0 = Debug|Any CPU
		{59EEF08F-0C5B-42DF-B496-8F7FEF277731}.Release|Any CPU.ActiveCfg = Release|Any CPU
		{59EEF08F-0C5B-42DF-B496-8F7FEF277731}.Release|Any CPU.Build.0 = Release|Any CPU
		{D87F23F1-B16A-47B4-A3A7-3FC980E2FB57}.Debug|Any CPU.ActiveCfg = Debug|Any CPU
		{D87F23F1-B16A-47B4-A3A7-3FC980E2FB57}.Debug|Any CPU.Build.0 = Debug|Any CPU
		{D87F23F1-B16A-47B4-A3A7-3FC980E2FB57}.Release|Any CPU.ActiveCfg = Release|Any CPU
		{D87F23F1-B16A-47B4-A3A7-3FC980E2FB57}.Release|Any CPU.Build.0 = Release|Any CPU
		{25DC6AEA-FF84-454E-9C4D-5578B12D5008}.Debug|Any CPU.ActiveCfg = Debug|Any CPU
		{25DC6AEA-FF84-454E-9C4D-5578B12D5008}.Debug|Any CPU.Build.0 = Debug|Any CPU
		{25DC6AEA-FF84-454E-9C4D-5578B12D5008}.Release|Any CPU.ActiveCfg = Release|Any CPU
		{25DC6AEA-FF84-454E-9C4D-5578B12D5008}.Release|Any CPU.Build.0 = Release|Any CPU
		{A73EDA99-D66D-4165-9C9E-DEA99509F1D7}.Debug|Any CPU.ActiveCfg = Debug|Any CPU
		{A73EDA99-D66D-4165-9C9E-DEA99509F1D7}.Debug|Any CPU.Build.0 = Debug|Any CPU
		{A73EDA99-D66D-4165-9C9E-DEA99509F1D7}.Release|Any CPU.ActiveCfg = Release|Any CPU
		{A73EDA99-D66D-4165-9C9E-DEA99509F1D7}.Release|Any CPU.Build.0 = Release|Any CPU
		{4F314076-DFFC-43B7-A3AC-4E22011B09DF}.Debug|Any CPU.ActiveCfg = Debug|Any CPU
		{4F314076-DFFC-43B7-A3AC-4E22011B09DF}.Debug|Any CPU.Build.0 = Debug|Any CPU
		{4F314076-DFFC-43B7-A3AC-4E22011B09DF}.Release|Any CPU.ActiveCfg = Release|Any CPU
		{4F314076-DFFC-43B7-A3AC-4E22011B09DF}.Release|Any CPU.Build.0 = Release|Any CPU
		{1D52B22F-67D8-48C5-922E-5F6C90ECB437}.Debug|Any CPU.ActiveCfg = Debug|Any CPU
		{1D52B22F-67D8-48C5-922E-5F6C90ECB437}.Debug|Any CPU.Build.0 = Debug|Any CPU
		{1D52B22F-67D8-48C5-922E-5F6C90ECB437}.Release|Any CPU.ActiveCfg = Release|Any CPU
		{1D52B22F-67D8-48C5-922E-5F6C90ECB437}.Release|Any CPU.Build.0 = Release|Any CPU
		{90A02744-D200-4B6A-9907-B47A9638D52C}.Debug|Any CPU.ActiveCfg = Debug|Any CPU
		{90A02744-D200-4B6A-9907-B47A9638D52C}.Debug|Any CPU.Build.0 = Debug|Any CPU
		{90A02744-D200-4B6A-9907-B47A9638D52C}.Release|Any CPU.ActiveCfg = Release|Any CPU
		{90A02744-D200-4B6A-9907-B47A9638D52C}.Release|Any CPU.Build.0 = Release|Any CPU
		{0A3BFAE2-6356-4635-8ED0-1AF1B2F17189}.Debug|Any CPU.ActiveCfg = Debug|Any CPU
		{0A3BFAE2-6356-4635-8ED0-1AF1B2F17189}.Debug|Any CPU.Build.0 = Debug|Any CPU
		{0A3BFAE2-6356-4635-8ED0-1AF1B2F17189}.Release|Any CPU.ActiveCfg = Release|Any CPU
		{0A3BFAE2-6356-4635-8ED0-1AF1B2F17189}.Release|Any CPU.Build.0 = Release|Any CPU
		{FDBBD223-F4BF-4768-A1B7-4D4FE3357444}.Debug|Any CPU.ActiveCfg = Debug|Any CPU
		{FDBBD223-F4BF-4768-A1B7-4D4FE3357444}.Debug|Any CPU.Build.0 = Debug|Any CPU
		{FDBBD223-F4BF-4768-A1B7-4D4FE3357444}.Release|Any CPU.ActiveCfg = Release|Any CPU
		{FDBBD223-F4BF-4768-A1B7-4D4FE3357444}.Release|Any CPU.Build.0 = Release|Any CPU
		{14E31C4E-63E8-4625-9089-FD3BC32EEA04}.Debug|Any CPU.ActiveCfg = Debug|Any CPU
		{14E31C4E-63E8-4625-9089-FD3BC32EEA04}.Debug|Any CPU.Build.0 = Debug|Any CPU
		{14E31C4E-63E8-4625-9089-FD3BC32EEA04}.Release|Any CPU.ActiveCfg = Release|Any CPU
		{14E31C4E-63E8-4625-9089-FD3BC32EEA04}.Release|Any CPU.Build.0 = Release|Any CPU
		{B1A317E4-944A-46A6-BE9A-F7311A8DE10A}.Debug|Any CPU.ActiveCfg = Debug|Any CPU
		{B1A317E4-944A-46A6-BE9A-F7311A8DE10A}.Debug|Any CPU.Build.0 = Debug|Any CPU
		{B1A317E4-944A-46A6-BE9A-F7311A8DE10A}.Release|Any CPU.ActiveCfg = Release|Any CPU
		{B1A317E4-944A-46A6-BE9A-F7311A8DE10A}.Release|Any CPU.Build.0 = Release|Any CPU
		{D3404E91-C361-4CC8-92C3-BB49AC5DE220}.Debug|Any CPU.ActiveCfg = Debug|Any CPU
		{D3404E91-C361-4CC8-92C3-BB49AC5DE220}.Debug|Any CPU.Build.0 = Debug|Any CPU
		{D3404E91-C361-4CC8-92C3-BB49AC5DE220}.Release|Any CPU.ActiveCfg = Release|Any CPU
		{D3404E91-C361-4CC8-92C3-BB49AC5DE220}.Release|Any CPU.Build.0 = Release|Any CPU
		{18DC8530-1E04-464C-8A7C-23CDD981273F}.Debug|Any CPU.ActiveCfg = Debug|Any CPU
		{18DC8530-1E04-464C-8A7C-23CDD981273F}.Debug|Any CPU.Build.0 = Debug|Any CPU
		{18DC8530-1E04-464C-8A7C-23CDD981273F}.Release|Any CPU.ActiveCfg = Release|Any CPU
		{18DC8530-1E04-464C-8A7C-23CDD981273F}.Release|Any CPU.Build.0 = Release|Any CPU
		{E9CE81AF-11F9-44D5-8848-C5B87BD306BC}.Debug|Any CPU.ActiveCfg = Debug|Any CPU
		{E9CE81AF-11F9-44D5-8848-C5B87BD306BC}.Debug|Any CPU.Build.0 = Debug|Any CPU
		{E9CE81AF-11F9-44D5-8848-C5B87BD306BC}.Release|Any CPU.ActiveCfg = Release|Any CPU
		{E9CE81AF-11F9-44D5-8848-C5B87BD306BC}.Release|Any CPU.Build.0 = Release|Any CPU
		{B197CBF7-3C83-49B8-A256-4D0C8620146E}.Debug|Any CPU.ActiveCfg = Debug|Any CPU
		{B197CBF7-3C83-49B8-A256-4D0C8620146E}.Debug|Any CPU.Build.0 = Debug|Any CPU
		{B197CBF7-3C83-49B8-A256-4D0C8620146E}.Release|Any CPU.ActiveCfg = Release|Any CPU
		{B197CBF7-3C83-49B8-A256-4D0C8620146E}.Release|Any CPU.Build.0 = Release|Any CPU
		{F08FE30E-6FA2-417E-892F-0581E57A9C78}.Debug|Any CPU.ActiveCfg = Debug|Any CPU
		{F08FE30E-6FA2-417E-892F-0581E57A9C78}.Debug|Any CPU.Build.0 = Debug|Any CPU
		{F08FE30E-6FA2-417E-892F-0581E57A9C78}.Release|Any CPU.ActiveCfg = Release|Any CPU
		{F08FE30E-6FA2-417E-892F-0581E57A9C78}.Release|Any CPU.Build.0 = Release|Any CPU
		{51DAB651-66BE-45ED-9E0E-555157BB7BB6}.Debug|Any CPU.ActiveCfg = Debug|Any CPU
		{51DAB651-66BE-45ED-9E0E-555157BB7BB6}.Debug|Any CPU.Build.0 = Debug|Any CPU
		{51DAB651-66BE-45ED-9E0E-555157BB7BB6}.Release|Any CPU.ActiveCfg = Release|Any CPU
		{51DAB651-66BE-45ED-9E0E-555157BB7BB6}.Release|Any CPU.Build.0 = Release|Any CPU
		{401AD0D5-C3C9-4E59-B63E-44A433AD90C1}.Debug|Any CPU.ActiveCfg = Debug|Any CPU
		{401AD0D5-C3C9-4E59-B63E-44A433AD90C1}.Debug|Any CPU.Build.0 = Debug|Any CPU
		{401AD0D5-C3C9-4E59-B63E-44A433AD90C1}.Release|Any CPU.ActiveCfg = Release|Any CPU
		{401AD0D5-C3C9-4E59-B63E-44A433AD90C1}.Release|Any CPU.Build.0 = Release|Any CPU
		{964FD1B3-5A4A-45B0-9EFF-D823B9256D34}.Debug|Any CPU.ActiveCfg = Debug|Any CPU
		{964FD1B3-5A4A-45B0-9EFF-D823B9256D34}.Debug|Any CPU.Build.0 = Debug|Any CPU
		{964FD1B3-5A4A-45B0-9EFF-D823B9256D34}.Release|Any CPU.ActiveCfg = Release|Any CPU
		{964FD1B3-5A4A-45B0-9EFF-D823B9256D34}.Release|Any CPU.Build.0 = Release|Any CPU
		{F71C164C-DA48-4E3D-A670-FFFA4832C0AC}.Debug|Any CPU.ActiveCfg = Debug|Any CPU
		{F71C164C-DA48-4E3D-A670-FFFA4832C0AC}.Debug|Any CPU.Build.0 = Debug|Any CPU
		{F71C164C-DA48-4E3D-A670-FFFA4832C0AC}.Release|Any CPU.ActiveCfg = Release|Any CPU
		{F71C164C-DA48-4E3D-A670-FFFA4832C0AC}.Release|Any CPU.Build.0 = Release|Any CPU
		{01CCA28F-317C-41BC-95EF-6CD51814AF0D}.Debug|Any CPU.ActiveCfg = Debug|Any CPU
		{01CCA28F-317C-41BC-95EF-6CD51814AF0D}.Debug|Any CPU.Build.0 = Debug|Any CPU
		{01CCA28F-317C-41BC-95EF-6CD51814AF0D}.Release|Any CPU.ActiveCfg = Release|Any CPU
		{01CCA28F-317C-41BC-95EF-6CD51814AF0D}.Release|Any CPU.Build.0 = Release|Any CPU
		{475C7058-09F7-4A02-8D48-EB7042E60789}.Debug|Any CPU.ActiveCfg = Debug|Any CPU
		{475C7058-09F7-4A02-8D48-EB7042E60789}.Debug|Any CPU.Build.0 = Debug|Any CPU
		{475C7058-09F7-4A02-8D48-EB7042E60789}.Release|Any CPU.ActiveCfg = Release|Any CPU
		{475C7058-09F7-4A02-8D48-EB7042E60789}.Release|Any CPU.Build.0 = Release|Any CPU
		{6B6CC2FF-C2D8-48C5-AEEC-5A0990A48D47}.Debug|Any CPU.ActiveCfg = Debug|Any CPU
		{6B6CC2FF-C2D8-48C5-AEEC-5A0990A48D47}.Debug|Any CPU.Build.0 = Debug|Any CPU
		{6B6CC2FF-C2D8-48C5-AEEC-5A0990A48D47}.Release|Any CPU.ActiveCfg = Release|Any CPU
		{6B6CC2FF-C2D8-48C5-AEEC-5A0990A48D47}.Release|Any CPU.Build.0 = Release|Any CPU
		{008AAD90-461D-4C15-8DBB-2D821698D62E}.Debug|Any CPU.ActiveCfg = Debug|Any CPU
		{008AAD90-461D-4C15-8DBB-2D821698D62E}.Debug|Any CPU.Build.0 = Debug|Any CPU
		{008AAD90-461D-4C15-8DBB-2D821698D62E}.Release|Any CPU.ActiveCfg = Release|Any CPU
		{008AAD90-461D-4C15-8DBB-2D821698D62E}.Release|Any CPU.Build.0 = Release|Any CPU
		{44942A1D-D720-470C-BD5A-9B2EC08C372F}.Debug|Any CPU.ActiveCfg = Debug|Any CPU
		{44942A1D-D720-470C-BD5A-9B2EC08C372F}.Debug|Any CPU.Build.0 = Debug|Any CPU
		{44942A1D-D720-470C-BD5A-9B2EC08C372F}.Release|Any CPU.ActiveCfg = Release|Any CPU
		{44942A1D-D720-470C-BD5A-9B2EC08C372F}.Release|Any CPU.Build.0 = Release|Any CPU
		{8CC7F831-70A1-4EDD-9360-158A17F4551A}.Debug|Any CPU.ActiveCfg = Debug|Any CPU
		{8CC7F831-70A1-4EDD-9360-158A17F4551A}.Debug|Any CPU.Build.0 = Debug|Any CPU
		{8CC7F831-70A1-4EDD-9360-158A17F4551A}.Release|Any CPU.ActiveCfg = Release|Any CPU
		{8CC7F831-70A1-4EDD-9360-158A17F4551A}.Release|Any CPU.Build.0 = Release|Any CPU
		{60399BAA-BAC9-4370-A6B9-8D2F46D3FD7F}.Debug|Any CPU.ActiveCfg = Debug|Any CPU
		{60399BAA-BAC9-4370-A6B9-8D2F46D3FD7F}.Debug|Any CPU.Build.0 = Debug|Any CPU
		{60399BAA-BAC9-4370-A6B9-8D2F46D3FD7F}.Release|Any CPU.ActiveCfg = Release|Any CPU
		{60399BAA-BAC9-4370-A6B9-8D2F46D3FD7F}.Release|Any CPU.Build.0 = Release|Any CPU
		{2C35D01E-2A61-4C05-9A21-1C1DEEE59C0E}.Debug|Any CPU.ActiveCfg = Debug|Any CPU
		{2C35D01E-2A61-4C05-9A21-1C1DEEE59C0E}.Debug|Any CPU.Build.0 = Debug|Any CPU
		{2C35D01E-2A61-4C05-9A21-1C1DEEE59C0E}.Release|Any CPU.ActiveCfg = Release|Any CPU
		{2C35D01E-2A61-4C05-9A21-1C1DEEE59C0E}.Release|Any CPU.Build.0 = Release|Any CPU
		{C68F3275-62CF-4FCA-859E-53266152BBBA}.Debug|Any CPU.ActiveCfg = Debug|Any CPU
		{C68F3275-62CF-4FCA-859E-53266152BBBA}.Debug|Any CPU.Build.0 = Debug|Any CPU
		{C68F3275-62CF-4FCA-859E-53266152BBBA}.Release|Any CPU.ActiveCfg = Release|Any CPU
		{C68F3275-62CF-4FCA-859E-53266152BBBA}.Release|Any CPU.Build.0 = Release|Any CPU
		{50C189EC-D976-4768-B78C-DBF0FA80D80F}.Debug|Any CPU.ActiveCfg = Debug|Any CPU
		{50C189EC-D976-4768-B78C-DBF0FA80D80F}.Debug|Any CPU.Build.0 = Debug|Any CPU
		{50C189EC-D976-4768-B78C-DBF0FA80D80F}.Release|Any CPU.ActiveCfg = Release|Any CPU
		{50C189EC-D976-4768-B78C-DBF0FA80D80F}.Release|Any CPU.Build.0 = Release|Any CPU
		{19DF7C96-D17D-494A-B929-9CDADA343ED9}.Debug|Any CPU.ActiveCfg = Debug|Any CPU
		{19DF7C96-D17D-494A-B929-9CDADA343ED9}.Debug|Any CPU.Build.0 = Debug|Any CPU
		{19DF7C96-D17D-494A-B929-9CDADA343ED9}.Release|Any CPU.ActiveCfg = Release|Any CPU
		{19DF7C96-D17D-494A-B929-9CDADA343ED9}.Release|Any CPU.Build.0 = Release|Any CPU
		{1D58E68E-DB73-488A-8311-93E603C3EE8F}.Debug|Any CPU.ActiveCfg = Debug|Any CPU
		{1D58E68E-DB73-488A-8311-93E603C3EE8F}.Debug|Any CPU.Build.0 = Debug|Any CPU
		{1D58E68E-DB73-488A-8311-93E603C3EE8F}.Release|Any CPU.ActiveCfg = Release|Any CPU
		{1D58E68E-DB73-488A-8311-93E603C3EE8F}.Release|Any CPU.Build.0 = Release|Any CPU
		{6E7FE30A-994A-448C-8DBE-501B21EE47FE}.Debug|Any CPU.ActiveCfg = Debug|Any CPU
		{6E7FE30A-994A-448C-8DBE-501B21EE47FE}.Debug|Any CPU.Build.0 = Debug|Any CPU
		{6E7FE30A-994A-448C-8DBE-501B21EE47FE}.Release|Any CPU.ActiveCfg = Release|Any CPU
		{6E7FE30A-994A-448C-8DBE-501B21EE47FE}.Release|Any CPU.Build.0 = Release|Any CPU
		{3A2B9855-85EC-4C9E-A4C9-1CBB8D3A8F87}.Debug|Any CPU.ActiveCfg = Debug|Any CPU
		{3A2B9855-85EC-4C9E-A4C9-1CBB8D3A8F87}.Debug|Any CPU.Build.0 = Debug|Any CPU
		{3A2B9855-85EC-4C9E-A4C9-1CBB8D3A8F87}.Release|Any CPU.ActiveCfg = Release|Any CPU
		{3A2B9855-85EC-4C9E-A4C9-1CBB8D3A8F87}.Release|Any CPU.Build.0 = Release|Any CPU
		{4809ACFD-01C4-4077-9707-87088293C651}.Debug|Any CPU.ActiveCfg = Debug|Any CPU
		{4809ACFD-01C4-4077-9707-87088293C651}.Debug|Any CPU.Build.0 = Debug|Any CPU
		{4809ACFD-01C4-4077-9707-87088293C651}.Release|Any CPU.ActiveCfg = Release|Any CPU
		{4809ACFD-01C4-4077-9707-87088293C651}.Release|Any CPU.Build.0 = Release|Any CPU
		{EB13498A-2732-404B-B18F-0B30BAE36306}.Debug|Any CPU.ActiveCfg = Debug|Any CPU
		{EB13498A-2732-404B-B18F-0B30BAE36306}.Debug|Any CPU.Build.0 = Debug|Any CPU
		{EB13498A-2732-404B-B18F-0B30BAE36306}.Release|Any CPU.ActiveCfg = Release|Any CPU
		{EB13498A-2732-404B-B18F-0B30BAE36306}.Release|Any CPU.Build.0 = Release|Any CPU
		{0FACEAE7-2D76-4E4B-828A-A0DF0D9618FE}.Debug|Any CPU.ActiveCfg = Debug|Any CPU
		{0FACEAE7-2D76-4E4B-828A-A0DF0D9618FE}.Debug|Any CPU.Build.0 = Debug|Any CPU
		{0FACEAE7-2D76-4E4B-828A-A0DF0D9618FE}.Release|Any CPU.ActiveCfg = Release|Any CPU
		{0FACEAE7-2D76-4E4B-828A-A0DF0D9618FE}.Release|Any CPU.Build.0 = Release|Any CPU
		{FF4CA8F5-3FD7-4571-915F-EFE60A31199C}.Debug|Any CPU.ActiveCfg = Debug|Any CPU
		{FF4CA8F5-3FD7-4571-915F-EFE60A31199C}.Debug|Any CPU.Build.0 = Debug|Any CPU
		{FF4CA8F5-3FD7-4571-915F-EFE60A31199C}.Release|Any CPU.ActiveCfg = Release|Any CPU
		{FF4CA8F5-3FD7-4571-915F-EFE60A31199C}.Release|Any CPU.Build.0 = Release|Any CPU
		{9B8CB0EA-757B-4CAD-BA55-86D2B5C1E494}.Debug|Any CPU.ActiveCfg = Debug|Any CPU
		{9B8CB0EA-757B-4CAD-BA55-86D2B5C1E494}.Debug|Any CPU.Build.0 = Debug|Any CPU
		{9B8CB0EA-757B-4CAD-BA55-86D2B5C1E494}.Release|Any CPU.ActiveCfg = Release|Any CPU
		{9B8CB0EA-757B-4CAD-BA55-86D2B5C1E494}.Release|Any CPU.Build.0 = Release|Any CPU
		{4BDF9414-2F90-4CC4-BBDF-19BCC585A8DB}.Debug|Any CPU.ActiveCfg = Debug|Any CPU
		{4BDF9414-2F90-4CC4-BBDF-19BCC585A8DB}.Debug|Any CPU.Build.0 = Debug|Any CPU
		{4BDF9414-2F90-4CC4-BBDF-19BCC585A8DB}.Release|Any CPU.ActiveCfg = Release|Any CPU
		{4BDF9414-2F90-4CC4-BBDF-19BCC585A8DB}.Release|Any CPU.Build.0 = Release|Any CPU
		{91D41945-AEA1-4978-915D-5548EE7F4A25}.Debug|Any CPU.ActiveCfg = Debug|Any CPU
		{91D41945-AEA1-4978-915D-5548EE7F4A25}.Debug|Any CPU.Build.0 = Debug|Any CPU
		{91D41945-AEA1-4978-915D-5548EE7F4A25}.Release|Any CPU.ActiveCfg = Release|Any CPU
		{91D41945-AEA1-4978-915D-5548EE7F4A25}.Release|Any CPU.Build.0 = Release|Any CPU
		{3845A566-551F-4772-A304-C486C037CD85}.Debug|Any CPU.ActiveCfg = Debug|Any CPU
		{3845A566-551F-4772-A304-C486C037CD85}.Debug|Any CPU.Build.0 = Debug|Any CPU
		{3845A566-551F-4772-A304-C486C037CD85}.Release|Any CPU.ActiveCfg = Release|Any CPU
		{3845A566-551F-4772-A304-C486C037CD85}.Release|Any CPU.Build.0 = Release|Any CPU
		{E19BFF68-F86C-49DD-A6A1-A7078FA256C3}.Debug|Any CPU.ActiveCfg = Debug|Any CPU
		{E19BFF68-F86C-49DD-A6A1-A7078FA256C3}.Debug|Any CPU.Build.0 = Debug|Any CPU
		{E19BFF68-F86C-49DD-A6A1-A7078FA256C3}.Release|Any CPU.ActiveCfg = Release|Any CPU
		{E19BFF68-F86C-49DD-A6A1-A7078FA256C3}.Release|Any CPU.Build.0 = Release|Any CPU
		{F694B36A-EBDF-4726-8A7B-0A2EF61CDA25}.Debug|Any CPU.ActiveCfg = Debug|Any CPU
		{F694B36A-EBDF-4726-8A7B-0A2EF61CDA25}.Debug|Any CPU.Build.0 = Debug|Any CPU
		{F694B36A-EBDF-4726-8A7B-0A2EF61CDA25}.Release|Any CPU.ActiveCfg = Release|Any CPU
		{F694B36A-EBDF-4726-8A7B-0A2EF61CDA25}.Release|Any CPU.Build.0 = Release|Any CPU
		{F11331A8-18C5-4A51-B7E5-15FB26FE0459}.Debug|Any CPU.ActiveCfg = Debug|Any CPU
		{F11331A8-18C5-4A51-B7E5-15FB26FE0459}.Debug|Any CPU.Build.0 = Debug|Any CPU
		{F11331A8-18C5-4A51-B7E5-15FB26FE0459}.Release|Any CPU.ActiveCfg = Release|Any CPU
		{F11331A8-18C5-4A51-B7E5-15FB26FE0459}.Release|Any CPU.Build.0 = Release|Any CPU
		{6F8FCF35-D353-4072-84E5-640983A49776}.Debug|Any CPU.ActiveCfg = Debug|Any CPU
		{6F8FCF35-D353-4072-84E5-640983A49776}.Debug|Any CPU.Build.0 = Debug|Any CPU
		{6F8FCF35-D353-4072-84E5-640983A49776}.Release|Any CPU.ActiveCfg = Release|Any CPU
		{6F8FCF35-D353-4072-84E5-640983A49776}.Release|Any CPU.Build.0 = Release|Any CPU
		{2EC73367-C64D-496C-84B0-821001EF429D}.Debug|Any CPU.ActiveCfg = Debug|Any CPU
		{2EC73367-C64D-496C-84B0-821001EF429D}.Debug|Any CPU.Build.0 = Debug|Any CPU
		{2EC73367-C64D-496C-84B0-821001EF429D}.Release|Any CPU.ActiveCfg = Release|Any CPU
		{2EC73367-C64D-496C-84B0-821001EF429D}.Release|Any CPU.Build.0 = Release|Any CPU
		{55D4B045-BEC8-4431-986E-EE7D59F2A8B0}.Debug|Any CPU.ActiveCfg = Debug|Any CPU
		{55D4B045-BEC8-4431-986E-EE7D59F2A8B0}.Debug|Any CPU.Build.0 = Debug|Any CPU
		{55D4B045-BEC8-4431-986E-EE7D59F2A8B0}.Release|Any CPU.ActiveCfg = Release|Any CPU
		{55D4B045-BEC8-4431-986E-EE7D59F2A8B0}.Release|Any CPU.Build.0 = Release|Any CPU
		{C3205FDE-71BD-44D2-B91A-84DF98F70D6B}.Debug|Any CPU.ActiveCfg = Debug|Any CPU
		{C3205FDE-71BD-44D2-B91A-84DF98F70D6B}.Debug|Any CPU.Build.0 = Debug|Any CPU
		{C3205FDE-71BD-44D2-B91A-84DF98F70D6B}.Release|Any CPU.ActiveCfg = Release|Any CPU
		{C3205FDE-71BD-44D2-B91A-84DF98F70D6B}.Release|Any CPU.Build.0 = Release|Any CPU
		{391F20FA-7EBF-4E9D-9FE0-E6CAB7ABCB3E}.Debug|Any CPU.ActiveCfg = Debug|Any CPU
		{391F20FA-7EBF-4E9D-9FE0-E6CAB7ABCB3E}.Debug|Any CPU.Build.0 = Debug|Any CPU
		{391F20FA-7EBF-4E9D-9FE0-E6CAB7ABCB3E}.Release|Any CPU.ActiveCfg = Release|Any CPU
		{391F20FA-7EBF-4E9D-9FE0-E6CAB7ABCB3E}.Release|Any CPU.Build.0 = Release|Any CPU
		{8E1F5047-2B03-49F7-9455-80EC5C4EE6F3}.Debug|Any CPU.ActiveCfg = Debug|Any CPU
		{8E1F5047-2B03-49F7-9455-80EC5C4EE6F3}.Debug|Any CPU.Build.0 = Debug|Any CPU
		{8E1F5047-2B03-49F7-9455-80EC5C4EE6F3}.Release|Any CPU.ActiveCfg = Release|Any CPU
		{8E1F5047-2B03-49F7-9455-80EC5C4EE6F3}.Release|Any CPU.Build.0 = Release|Any CPU
		{93C08916-FE8B-4549-9B7B-F8281B83D121}.Debug|Any CPU.ActiveCfg = Debug|Any CPU
		{93C08916-FE8B-4549-9B7B-F8281B83D121}.Debug|Any CPU.Build.0 = Debug|Any CPU
		{93C08916-FE8B-4549-9B7B-F8281B83D121}.Release|Any CPU.ActiveCfg = Release|Any CPU
		{93C08916-FE8B-4549-9B7B-F8281B83D121}.Release|Any CPU.Build.0 = Release|Any CPU
		{77745DD9-67B8-4686-9BA5-3006A1F48034}.Debug|Any CPU.ActiveCfg = Debug|Any CPU
		{77745DD9-67B8-4686-9BA5-3006A1F48034}.Debug|Any CPU.Build.0 = Debug|Any CPU
		{77745DD9-67B8-4686-9BA5-3006A1F48034}.Release|Any CPU.ActiveCfg = Release|Any CPU
		{77745DD9-67B8-4686-9BA5-3006A1F48034}.Release|Any CPU.Build.0 = Release|Any CPU
		{F71FCD20-F290-4173-991D-A39121249054}.Debug|Any CPU.ActiveCfg = Debug|Any CPU
		{F71FCD20-F290-4173-991D-A39121249054}.Debug|Any CPU.Build.0 = Debug|Any CPU
		{F71FCD20-F290-4173-991D-A39121249054}.Release|Any CPU.ActiveCfg = Release|Any CPU
		{F71FCD20-F290-4173-991D-A39121249054}.Release|Any CPU.Build.0 = Release|Any CPU
	EndGlobalSection
	GlobalSection(SolutionProperties) = preSolution
		HideSolutionNode = FALSE
	EndGlobalSection
	GlobalSection(ExtensibilityGlobals) = postSolution
		SolutionGuid = {3CEA49AA-AAA8-4AB5-A343-B95BEF7FDCC6}
	EndGlobalSection
EndGlobal
