
Microsoft Visual Studio Solution File, Format Version 12.00
# Visual Studio Version 17
VisualStudioVersion = 17.9.34714.143
MinimumVisualStudioVersion = 10.0.40219.1
Project("{FAE04EC0-301F-11D3-BF4B-00C04F79EFBC}") = "Theme31Lesson2List", "Theme31Lesson2List\Theme31Lesson2List.csproj", "{A3FBD342-24BB-4C03-ACF1-78364965018B}"
EndProject
Project("{9A19103F-16F7-4668-BE54-9A1E7A4F7556}") = "Planirovshik", "..\..\..\Desktop\Planirovshik\Planirovshik.csproj", "{CC091D16-E042-455A-8562-EB76CF38C8FF}"
EndProject
Project("{FAE04EC0-301F-11D3-BF4B-00C04F79EFBC}") = "ConsoleApp1", "ConsoleApp1\ConsoleApp1.csproj", "{318D0554-B101-481C-8050-56EEFB623CED}"
EndProject
Global
	GlobalSection(SolutionConfigurationPlatforms) = preSolution
		Debug|Any CPU = Debug|Any CPU
		Release|Any CPU = Release|Any CPU
	EndGlobalSection
	GlobalSection(ProjectConfigurationPlatforms) = postSolution
		{A3FBD342-24BB-4C03-ACF1-78364965018B}.Debug|Any CPU.ActiveCfg = Debug|Any CPU
		{A3FBD342-24BB-4C03-ACF1-78364965018B}.Debug|Any CPU.Build.0 = Debug|Any CPU
		{A3FBD342-24BB-4C03-ACF1-78364965018B}.Release|Any CPU.ActiveCfg = Release|Any CPU
		{A3FBD342-24BB-4C03-ACF1-78364965018B}.Release|Any CPU.Build.0 = Release|Any CPU
		{CC091D16-E042-455A-8562-EB76CF38C8FF}.Debug|Any CPU.ActiveCfg = Debug|Any CPU
		{CC091D16-E042-455A-8562-EB76CF38C8FF}.Debug|Any CPU.Build.0 = Debug|Any CPU
		{CC091D16-E042-455A-8562-EB76CF38C8FF}.Release|Any CPU.ActiveCfg = Release|Any CPU
		{CC091D16-E042-455A-8562-EB76CF38C8FF}.Release|Any CPU.Build.0 = Release|Any CPU
		{318D0554-B101-481C-8050-56EEFB623CED}.Debug|Any CPU.ActiveCfg = Debug|Any CPU
		{318D0554-B101-481C-8050-56EEFB623CED}.Debug|Any CPU.Build.0 = Debug|Any CPU
		{318D0554-B101-481C-8050-56EEFB623CED}.Release|Any CPU.ActiveCfg = Release|Any CPU
		{318D0554-B101-481C-8050-56EEFB623CED}.Release|Any CPU.Build.0 = Release|Any CPU
	EndGlobalSection
	GlobalSection(SolutionProperties) = preSolution
		HideSolutionNode = FALSE
	EndGlobalSection
	GlobalSection(ExtensibilityGlobals) = postSolution
		SolutionGuid = {E5F8BFC3-5814-449E-BB21-02CE1D6A1441}
	EndGlobalSection
EndGlobal
